
Microsoft Visual Studio Solution File, Format Version 12.00
# Visual C++ Express 2010
Project("{8BC9CEB8-8B4A-11D0-8D11-00A0C91BC942}") = "ts3_simple_overlay_plugin", "ts3_simple_overlay_plugin\TS3 Applet.vcxproj", "{D0416DE8-C3CF-4583-83B5-AB051185A4D2}"
EndProject
Global
	GlobalSection(SolutionConfigurationPlatforms) = preSolution
		Debug|Win32 = Debug|Win32
		Release|Win32 = Release|Win32
	EndGlobalSection
	GlobalSection(ProjectConfigurationPlatforms) = postSolution
		{D0416DE8-C3CF-4583-83B5-AB051185A4D2}.Debug|Win32.ActiveCfg = Debug|Win32
		{D0416DE8-C3CF-4583-83B5-AB051185A4D2}.Debug|Win32.Build.0 = Debug|Win32
		{D0416DE8-C3CF-4583-83B5-AB051185A4D2}.Release|Win32.ActiveCfg = Release|Win32
		{D0416DE8-C3CF-4583-83B5-AB051185A4D2}.Release|Win32.Build.0 = Release|Win32
	EndGlobalSection
	GlobalSection(SolutionProperties) = preSolution
		HideSolutionNode = FALSE
	EndGlobalSection
EndGlobal
